
Microsoft Visual Studio Solution File, Format Version 12.00
# Visual Studio Version 17
VisualStudioVersion = 17.4.33213.308
MinimumVisualStudioVersion = 10.0.40219.1
Project("{FAE04EC0-301F-11D3-BF4B-00C04F79EFBC}") = "TaskIT", "TaskIT\TaskIT.csproj", "{6294103E-6BDF-4E6C-9C39-2AECA02C46AE}"
EndProject
Global
	GlobalSection(SolutionConfigurationPlatforms) = preSolution
		Debug|Any CPU = Debug|Any CPU
		Release|Any CPU = Release|Any CPU
	EndGlobalSection
	GlobalSection(ProjectConfigurationPlatforms) = postSolution
		{6294103E-6BDF-4E6C-9C39-2AECA02C46AE}.Debug|Any CPU.ActiveCfg = Debug|Any CPU
		{6294103E-6BDF-4E6C-9C39-2AECA02C46AE}.Debug|Any CPU.Build.0 = Debug|Any CPU
		{6294103E-6BDF-4E6C-9C39-2AECA02C46AE}.Release|Any CPU.ActiveCfg = Release|Any CPU
		{6294103E-6BDF-4E6C-9C39-2AECA02C46AE}.Release|Any CPU.Build.0 = Release|Any CPU
	EndGlobalSection
	GlobalSection(SolutionProperties) = preSolution
		HideSolutionNode = FALSE
	EndGlobalSection
	GlobalSection(ExtensibilityGlobals) = postSolution
		SolutionGuid = {1BA37CA9-4A0A-49DB-9FE3-B9E5833264D2}
	EndGlobalSection
EndGlobal
